// !$*UTF8*$!
{
	archiveVersion = 1;
	classes = {
	};
	objectVersion = 50;
	objects = {

/* Begin PBXBuildFile section */
		579E95D322367E13008A92D2 /* AppDelegate.swift in Sources */ = {isa = PBXBuildFile; fileRef = 579E95D222367E13008A92D2 /* AppDelegate.swift */; };
		579E95D822367E13008A92D2 /* Main.storyboard in Resources */ = {isa = PBXBuildFile; fileRef = 579E95D622367E13008A92D2 /* Main.storyboard */; };
		579E95DA22367E15008A92D2 /* Assets.xcassets in Resources */ = {isa = PBXBuildFile; fileRef = 579E95D922367E15008A92D2 /* Assets.xcassets */; };
		579E95DD22367E15008A92D2 /* LaunchScreen.storyboard in Resources */ = {isa = PBXBuildFile; fileRef = 579E95DB22367E15008A92D2 /* LaunchScreen.storyboard */; };
		579E95E522367EC3008A92D2 /* DetailVC.swift in Sources */ = {isa = PBXBuildFile; fileRef = 579E95E422367EC3008A92D2 /* DetailVC.swift */; };
		579E95E7223681ED008A92D2 /* ListVC.swift in Sources */ = {isa = PBXBuildFile; fileRef = 579E95E6223681ED008A92D2 /* ListVC.swift */; };
		579E95E9223683B2008A92D2 /* PageVC.swift in Sources */ = {isa = PBXBuildFile; fileRef = 579E95E8223683B2008A92D2 /* PageVC.swift */; };
/* End PBXBuildFile section */

/* Begin PBXFileReference section */
		579E95CF22367E13008A92D2 /* Weather Gift.app */ = {isa = PBXFileReference; explicitFileType = wrapper.application; includeInIndex = 0; path = "Weather Gift.app"; sourceTree = BUILT_PRODUCTS_DIR; };
		579E95D222367E13008A92D2 /* AppDelegate.swift */ = {isa = PBXFileReference; lastKnownFileType = sourcecode.swift; path = AppDelegate.swift; sourceTree = "<group>"; };
		579E95D722367E13008A92D2 /* Base */ = {isa = PBXFileReference; lastKnownFileType = file.storyboard; name = Base; path = Base.lproj/Main.storyboard; sourceTree = "<group>"; };
		579E95D922367E15008A92D2 /* Assets.xcassets */ = {isa = PBXFileReference; lastKnownFileType = folder.assetcatalog; path = Assets.xcassets; sourceTree = "<group>"; };
		579E95DC22367E15008A92D2 /* Base */ = {isa = PBXFileReference; lastKnownFileType = file.storyboard; name = Base; path = Base.lproj/LaunchScreen.storyboard; sourceTree = "<group>"; };
		579E95DE22367E15008A92D2 /* Info.plist */ = {isa = PBXFileReference; lastKnownFileType = text.plist.xml; path = Info.plist; sourceTree = "<group>"; };
		579E95E422367EC3008A92D2 /* DetailVC.swift */ = {isa = PBXFileReference; lastKnownFileType = sourcecode.swift; path = DetailVC.swift; sourceTree = "<group>"; };
		579E95E6223681ED008A92D2 /* ListVC.swift */ = {isa = PBXFileReference; lastKnownFileType = sourcecode.swift; path = ListVC.swift; sourceTree = "<group>"; };
		579E95E8223683B2008A92D2 /* PageVC.swift */ = {isa = PBXFileReference; lastKnownFileType = sourcecode.swift; path = PageVC.swift; sourceTree = "<group>"; };
/* End PBXFileReference section */

/* Begin PBXFrameworksBuildPhase section */
		579E95CC22367E13008A92D2 /* Frameworks */ = {
			isa = PBXFrameworksBuildPhase;
			buildActionMask = 2147483647;
			files = (
			);
			runOnlyForDeploymentPostprocessing = 0;
		};
/* End PBXFrameworksBuildPhase section */

/* Begin PBXGroup section */
		579E95C622367E13008A92D2 = {
			isa = PBXGroup;
			children = (
				579E95D122367E13008A92D2 /* Weather Gift */,
				579E95D022367E13008A92D2 /* Products */,
			);
			sourceTree = "<group>";
		};
		579E95D022367E13008A92D2 /* Products */ = {
			isa = PBXGroup;
			children = (
				579E95CF22367E13008A92D2 /* Weather Gift.app */,
			);
			name = Products;
			sourceTree = "<group>";
		};
		579E95D122367E13008A92D2 /* Weather Gift */ = {
			isa = PBXGroup;
			children = (
				579E95D222367E13008A92D2 /* AppDelegate.swift */,
				579E95E8223683B2008A92D2 /* PageVC.swift */,
				579E95E422367EC3008A92D2 /* DetailVC.swift */,
				579E95E6223681ED008A92D2 /* ListVC.swift */,
				579E95D622367E13008A92D2 /* Main.storyboard */,
				579E95D922367E15008A92D2 /* Assets.xcassets */,
				579E95DB22367E15008A92D2 /* LaunchScreen.storyboard */,
				579E95DE22367E15008A92D2 /* Info.plist */,
			);
			path = "Weather Gift";
			sourceTree = "<group>";
		};
/* End PBXGroup section */

/* Begin PBXNativeTarget section */
		579E95CE22367E13008A92D2 /* Weather Gift */ = {
			isa = PBXNativeTarget;
			buildConfigurationList = 579E95E122367E15008A92D2 /* Build configuration list for PBXNativeTarget "Weather Gift" */;
			buildPhases = (
				579E95CB22367E13008A92D2 /* Sources */,
				579E95CC22367E13008A92D2 /* Frameworks */,
				579E95CD22367E13008A92D2 /* Resources */,
			);
			buildRules = (
			);
			dependencies = (
			);
			name = "Weather Gift";
			productName = "Weather Gift";
			productReference = 579E95CF22367E13008A92D2 /* Weather Gift.app */;
			productType = "com.apple.product-type.application";
		};
/* End PBXNativeTarget section */

/* Begin PBXProject section */
		579E95C722367E13008A92D2 /* Project object */ = {
			isa = PBXProject;
			attributes = {
				LastSwiftUpdateCheck = 1010;
				LastUpgradeCheck = 1010;
				ORGANIZATIONNAME = "Lindsay Braun";
				TargetAttributes = {
					579E95CE22367E13008A92D2 = {
						CreatedOnToolsVersion = 10.1;
					};
				};
			};
			buildConfigurationList = 579E95CA22367E13008A92D2 /* Build configuration list for PBXProject "Weather Gift" */;
			compatibilityVersion = "Xcode 9.3";
			developmentRegion = en;
			hasScannedForEncodings = 0;
			knownRegions = (
				en,
				Base,
			);
			mainGroup = 579E95C622367E13008A92D2;
			productRefGroup = 579E95D022367E13008A92D2 /* Products */;
			projectDirPath = "";
			projectRoot = "";
			targets = (
				579E95CE22367E13008A92D2 /* Weather Gift */,
			);
		};
/* End PBXProject section */

/* Begin PBXResourcesBuildPhase section */
		579E95CD22367E13008A92D2 /* Resources */ = {
			isa = PBXResourcesBuildPhase;
			buildActionMask = 2147483647;
			files = (
				579E95DD22367E15008A92D2 /* LaunchScreen.storyboard in Resources */,
				579E95DA22367E15008A92D2 /* Assets.xcassets in Resources */,
				579E95D822367E13008A92D2 /* Main.storyboard in Resources */,
			);
			runOnlyForDeploymentPostprocessing = 0;
		};
/* End PBXResourcesBuildPhase section */

/* Begin PBXSourcesBuildPhase section */
		579E95CB22367E13008A92D2 /* Sources */ = {
			isa = PBXSourcesBuildPhase;
			buildActionMask = 2147483647;
			files = (
				579E95E7223681ED008A92D2 /* ListVC.swift in Sources */,
				579E95E9223683B2008A92D2 /* PageVC.swift in Sources */,
				579E95D322367E13008A92D2 /* AppDelegate.swift in Sources */,
				579E95E522367EC3008A92D2 /* DetailVC.swift in Sources */,
			);
			runOnlyForDeploymentPostprocessing = 0;
		};
/* End PBXSourcesBuildPhase section */

/* Begin PBXVariantGroup section */
		579E95D622367E13008A92D2 /* Main.storyboard */ = {
			isa = PBXVariantGroup;
			children = (
				579E95D722367E13008A92D2 /* Base */,
			);
			name = Main.storyboard;
			sourceTree = "<group>";
		};
		579E95DB22367E15008A92D2 /* LaunchScreen.storyboard */ = {
			isa = PBXVariantGroup;
			children = (
				579E95DC22367E15008A92D2 /* Base */,
			);
			name = LaunchScreen.storyboard;
			sourceTree = "<group>";
		};
/* End PBXVariantGroup section */

/* Begin XCBuildConfiguration section */
		579E95DF22367E15008A92D2 /* Debug */ = {
			isa = XCBuildConfiguration;
			buildSettings = {
				ALWAYS_SEARCH_USER_PATHS = NO;
				CLANG_ANALYZER_NONNULL = YES;
				CLANG_ANALYZER_NUMBER_OBJECT_CONVERSION = YES_AGGRESSIVE;
				CLANG_CXX_LANGUAGE_STANDARD = "gnu++14";
				CLANG_CXX_LIBRARY = "libc++";
				CLANG_ENABLE_MODULES = YES;
				CLANG_ENABLE_OBJC_ARC = YES;
				CLANG_ENABLE_OBJC_WEAK = YES;
				CLANG_WARN_BLOCK_CAPTURE_AUTORELEASING = YES;
				CLANG_WARN_BOOL_CONVERSION = YES;
				CLANG_WARN_COMMA = YES;
				CLANG_WARN_CONSTANT_CONVERSION = YES;
				CLANG_WARN_DEPRECATED_OBJC_IMPLEMENTATIONS = YES;
				CLANG_WARN_DIRECT_OBJC_ISA_USAGE = YES_ERROR;
				CLANG_WARN_DOCUMENTATION_COMMENTS = YES;
				CLANG_WARN_EMPTY_BODY = YES;
				CLANG_WARN_ENUM_CONVERSION = YES;
				CLANG_WARN_INFINITE_RECURSION = YES;
				CLANG_WARN_INT_CONVERSION = YES;
				CLANG_WARN_NON_LITERAL_NULL_CONVERSION = YES;
				CLANG_WARN_OBJC_IMPLICIT_RETAIN_SELF = YES;
				CLANG_WARN_OBJC_LITERAL_CONVERSION = YES;
				CLANG_WARN_OBJC_ROOT_CLASS = YES_ERROR;
				CLANG_WARN_RANGE_LOOP_ANALYSIS = YES;
				CLANG_WARN_STRICT_PROTOTYPES = YES;
				CLANG_WARN_SUSPICIOUS_MOVE = YES;
				CLANG_WARN_UNGUARDED_AVAILABILITY = YES_AGGRESSIVE;
				CLANG_WARN_UNREACHABLE_CODE = YES;
				CLANG_WARN__DUPLICATE_METHOD_MATCH = YES;
				CODE_SIGN_IDENTITY = "iPhone Developer";
				COPY_PHASE_STRIP = NO;
				DEBUG_INFORMATION_FORMAT = dwarf;
				ENABLE_STRICT_OBJC_MSGSEND = YES;
				ENABLE_TESTABILITY = YES;
				GCC_C_LANGUAGE_STANDARD = gnu11;
				GCC_DYNAMIC_NO_PIC = NO;
				GCC_NO_COMMON_BLOCKS = YES;
				GCC_OPTIMIZATION_LEVEL = 0;
				GCC_PREPROCESSOR_DEFINITIONS = (
					"DEBUG=1",
					"$(inherited)",
				);
				GCC_WARN_64_TO_32_BIT_CONVERSION = YES;
				GCC_WARN_ABOUT_RETURN_TYPE = YES_ERROR;
				GCC_WARN_UNDECLARED_SELECTOR = YES;
				GCC_WARN_UNINITIALIZED_AUTOS = YES_AGGRESSIVE;
				GCC_WARN_UNUSED_FUNCTION = YES;
				GCC_WARN_UNUSED_VARIABLE = YES;
				IPHONEOS_DEPLOYMENT_TARGET = 12.1;
				MTL_ENABLE_DEBUG_INFO = INCLUDE_SOURCE;
				MTL_FAST_MATH = YES;
				ONLY_ACTIVE_ARCH = YES;
				SDKROOT = iphoneos;
				SWIFT_ACTIVE_COMPILATION_CONDITIONS = DEBUG;
				SWIFT_OPTIMIZATION_LEVEL = "-Onone";
			};
			name = Debug;
		};
		579E95E022367E15008A92D2 /* Release */ = {
			isa = XCBuildConfiguration;
			buildSettings = {
				ALWAYS_SEARCH_USER_PATHS = NO;
				CLANG_ANALYZER_NONNULL = YES;
				CLANG_ANALYZER_NUMBER_OBJECT_CONVERSION = YES_AGGRESSIVE;
				CLANG_CXX_LANGUAGE_STANDARD = "gnu++14";
				CLANG_CXX_LIBRARY = "libc++";
				CLANG_ENABLE_MODULES = YES;
				CLANG_ENABLE_OBJC_ARC = YES;
				CLANG_ENABLE_OBJC_WEAK = YES;
				CLANG_WARN_BLOCK_CAPTURE_AUTORELEASING = YES;
				CLANG_WARN_BOOL_CONVERSION = YES;
				CLANG_WARN_COMMA = YES;
				CLANG_WARN_CONSTANT_CONVERSION = YES;
				CLANG_WARN_DEPRECATED_OBJC_IMPLEMENTATIONS = YES;
				CLANG_WARN_DIRECT_OBJC_ISA_USAGE = YES_ERROR;
				CLANG_WARN_DOCUMENTATION_COMMENTS = YES;
				CLANG_WARN_EMPTY_BODY = YES;
				CLANG_WARN_ENUM_CONVERSION = YES;
				CLANG_WARN_INFINITE_RECURSION = YES;
				CLANG_WARN_INT_CONVERSION = YES;
				CLANG_WARN_NON_LITERAL_NULL_CONVERSION = YES;
				CLANG_WARN_OBJC_IMPLICIT_RETAIN_SELF = YES;
				CLANG_WARN_OBJC_LITERAL_CONVERSION = YES;
				CLANG_WARN_OBJC_ROOT_CLASS = YES_ERROR;
				CLANG_WARN_RANGE_LOOP_ANALYSIS = YES;
				CLANG_WARN_STRICT_PROTOTYPES = YES;
				CLANG_WARN_SUSPICIOUS_MOVE = YES;
				CLANG_WARN_UNGUARDED_AVAILABILITY = YES_AGGRESSIVE;
				CLANG_WARN_UNREACHABLE_CODE = YES;
				CLANG_WARN__DUPLICATE_METHOD_MATCH = YES;
				CODE_SIGN_IDENTITY = "iPhone Developer";
				COPY_PHASE_STRIP = NO;
				DEBUG_INFORMATION_FORMAT = "dwarf-with-dsym";
				ENABLE_NS_ASSERTIONS = NO;
				ENABLE_STRICT_OBJC_MSGSEND = YES;
				GCC_C_LANGUAGE_STANDARD = gnu11;
				GCC_NO_COMMON_BLOCKS = YES;
				GCC_WARN_64_TO_32_BIT_CONVERSION = YES;
				GCC_WARN_ABOUT_RETURN_TYPE = YES_ERROR;
				GCC_WARN_UNDECLARED_SELECTOR = YES;
				GCC_WARN_UNINITIALIZED_AUTOS = YES_AGGRESSIVE;
				GCC_WARN_UNUSED_FUNCTION = YES;
				GCC_WARN_UNUSED_VARIABLE = YES;
				IPHONEOS_DEPLOYMENT_TARGET = 12.1;
				MTL_ENABLE_DEBUG_INFO = NO;
				MTL_FAST_MATH = YES;
				SDKROOT = iphoneos;
				SWIFT_COMPILATION_MODE = wholemodule;
				SWIFT_OPTIMIZATION_LEVEL = "-O";
				VALIDATE_PRODUCT = YES;
			};
			name = Release;
		};
		579E95E222367E15008A92D2 /* Debug */ = {
			isa = XCBuildConfiguration;
			buildSettings = {
				ASSETCATALOG_COMPILER_APPICON_NAME = AppIcon;
				CODE_SIGN_STYLE = Automatic;
				DEVELOPMENT_TEAM = 5FDXM7R562;
				INFOPLIST_FILE = "Weather Gift/Info.plist";
				IPHONEOS_DEPLOYMENT_TARGET = 11.0;
				LD_RUNPATH_SEARCH_PATHS = (
					"$(inherited)",
					"@executable_path/Frameworks",
				);
				PRODUCT_BUNDLE_IDENTIFIER = "com.braun.Weather-Gift";
				PRODUCT_NAME = "$(TARGET_NAME)";
				SWIFT_VERSION = 4.2;
				TARGETED_DEVICE_FAMILY = "1,2";
			};
			name = Debug;
		};
		579E95E322367E15008A92D2 /* Release */ = {
			isa = XCBuildConfiguration;
			buildSettings = {
				ASSETCATALOG_COMPILER_APPICON_NAME = AppIcon;
				CODE_SIGN_STYLE = Automatic;
				DEVELOPMENT_TEAM = 5FDXM7R562;
				INFOPLIST_FILE = "Weather Gift/Info.plist";
				IPHONEOS_DEPLOYMENT_TARGET = 11.0;
				LD_RUNPATH_SEARCH_PATHS = (
					"$(inherited)",
					"@executable_path/Frameworks",
				);
				PRODUCT_BUNDLE_IDENTIFIER = "com.braun.Weather-Gift";
				PRODUCT_NAME = "$(TARGET_NAME)";
				SWIFT_VERSION = 4.2;
				TARGETED_DEVICE_FAMILY = "1,2";
			};
			name = Release;
		};
/* End XCBuildConfiguration section */

/* Begin XCConfigurationList section */
		579E95CA22367E13008A92D2 /* Build configuration list for PBXProject "Weather Gift" */ = {
			isa = XCConfigurationList;
			buildConfigurations = (
				579E95DF22367E15008A92D2 /* Debug */,
				579E95E022367E15008A92D2 /* Release */,
			);
			defaultConfigurationIsVisible = 0;
			defaultConfigurationName = Release;
		};
		579E95E122367E15008A92D2 /* Build configuration list for PBXNativeTarget "Weather Gift" */ = {
			isa = XCConfigurationList;
			buildConfigurations = (
				579E95E222367E15008A92D2 /* Debug */,
				579E95E322367E15008A92D2 /* Release */,
			);
			defaultConfigurationIsVisible = 0;
			defaultConfigurationName = Release;
		};
/* End XCConfigurationList section */
	};
	rootObject = 579E95C722367E13008A92D2 /* Project object */;
}
