// !$*UTF8*$!
{
	archiveVersion = 1;
	classes = {
	};
	objectVersion = 50;
	objects = {

/* Begin PBXBuildFile section */
		574522392246F85A0051990F /* DayWeatherCell.swift in Sources */ = {isa = PBXBuildFile; fileRef = 574522382246F85A0051990F /* DayWeatherCell.swift */; };
		5745223B2247BD640051990F /* TimeInterval+format.swift in Sources */ = {isa = PBXBuildFile; fileRef = 5745223A2247BD640051990F /* TimeInterval+format.swift */; };
		5745223D22489AEB0051990F /* HourlyWeatherCell.swift in Sources */ = {isa = PBXBuildFile; fileRef = 5745223C22489AEB0051990F /* HourlyWeatherCell.swift */; };
		579340E9223FE49C00598D6E /* WeatherLocation.swift in Sources */ = {isa = PBXBuildFile; fileRef = 579340E8223FE49C00598D6E /* WeatherLocation.swift */; };
		579340EB223FF5F500598D6E /* Constants.swift in Sources */ = {isa = PBXBuildFile; fileRef = 579340EA223FF5F500598D6E /* Constants.swift */; };
		579E95D322367E13008A92D2 /* AppDelegate.swift in Sources */ = {isa = PBXBuildFile; fileRef = 579E95D222367E13008A92D2 /* AppDelegate.swift */; };
		579E95D822367E13008A92D2 /* Main.storyboard in Resources */ = {isa = PBXBuildFile; fileRef = 579E95D622367E13008A92D2 /* Main.storyboard */; };
		579E95DA22367E15008A92D2 /* Assets.xcassets in Resources */ = {isa = PBXBuildFile; fileRef = 579E95D922367E15008A92D2 /* Assets.xcassets */; };
		579E95DD22367E15008A92D2 /* LaunchScreen.storyboard in Resources */ = {isa = PBXBuildFile; fileRef = 579E95DB22367E15008A92D2 /* LaunchScreen.storyboard */; };
		579E95E522367EC3008A92D2 /* DetailVC.swift in Sources */ = {isa = PBXBuildFile; fileRef = 579E95E422367EC3008A92D2 /* DetailVC.swift */; };
		579E95E7223681ED008A92D2 /* ListVC.swift in Sources */ = {isa = PBXBuildFile; fileRef = 579E95E6223681ED008A92D2 /* ListVC.swift */; };
		579E95E9223683B2008A92D2 /* PageVC.swift in Sources */ = {isa = PBXBuildFile; fileRef = 579E95E8223683B2008A92D2 /* PageVC.swift */; };
		E963E7ACB731E7909B92DE10 /* Pods_Weather_Gift.framework in Frameworks */ = {isa = PBXBuildFile; fileRef = 94047B8B79766DE75A2BC409 /* Pods_Weather_Gift.framework */; };
/* End PBXBuildFile section */

/* Begin PBXFileReference section */
		1BCFB3BA94BF9C9513F387AB /* Pods-Weather Gift.debug.xcconfig */ = {isa = PBXFileReference; includeInIndex = 1; lastKnownFileType = text.xcconfig; name = "Pods-Weather Gift.debug.xcconfig"; path = "Target Support Files/Pods-Weather Gift/Pods-Weather Gift.debug.xcconfig"; sourceTree = "<group>"; };
		574522382246F85A0051990F /* DayWeatherCell.swift */ = {isa = PBXFileReference; lastKnownFileType = sourcecode.swift; path = DayWeatherCell.swift; sourceTree = "<group>"; };
		5745223A2247BD640051990F /* TimeInterval+format.swift */ = {isa = PBXFileReference; lastKnownFileType = sourcecode.swift; path = "TimeInterval+format.swift"; sourceTree = "<group>"; };
		5745223C22489AEB0051990F /* HourlyWeatherCell.swift */ = {isa = PBXFileReference; lastKnownFileType = sourcecode.swift; path = HourlyWeatherCell.swift; sourceTree = "<group>"; };
		579340E8223FE49C00598D6E /* WeatherLocation.swift */ = {isa = PBXFileReference; lastKnownFileType = sourcecode.swift; path = WeatherLocation.swift; sourceTree = "<group>"; };
		579340EA223FF5F500598D6E /* Constants.swift */ = {isa = PBXFileReference; lastKnownFileType = sourcecode.swift; path = Constants.swift; sourceTree = "<group>"; };
		579E95CF22367E13008A92D2 /* Weather Gift.app */ = {isa = PBXFileReference; explicitFileType = wrapper.application; includeInIndex = 0; path = "Weather Gift.app"; sourceTree = BUILT_PRODUCTS_DIR; };
		579E95D222367E13008A92D2 /* AppDelegate.swift */ = {isa = PBXFileReference; lastKnownFileType = sourcecode.swift; path = AppDelegate.swift; sourceTree = "<group>"; };
		579E95D722367E13008A92D2 /* Base */ = {isa = PBXFileReference; lastKnownFileType = file.storyboard; name = Base; path = Base.lproj/Main.storyboard; sourceTree = "<group>"; };
		579E95D922367E15008A92D2 /* Assets.xcassets */ = {isa = PBXFileReference; lastKnownFileType = folder.assetcatalog; path = Assets.xcassets; sourceTree = "<group>"; };
		579E95DC22367E15008A92D2 /* Base */ = {isa = PBXFileReference; lastKnownFileType = file.storyboard; name = Base; path = Base.lproj/LaunchScreen.storyboard; sourceTree = "<group>"; };
		579E95DE22367E15008A92D2 /* Info.plist */ = {isa = PBXFileReference; lastKnownFileType = text.plist.xml; path = Info.plist; sourceTree = "<group>"; };
		579E95E422367EC3008A92D2 /* DetailVC.swift */ = {isa = PBXFileReference; lastKnownFileType = sourcecode.swift; path = DetailVC.swift; sourceTree = "<group>"; };
		579E95E6223681ED008A92D2 /* ListVC.swift */ = {isa = PBXFileReference; lastKnownFileType = sourcecode.swift; path = ListVC.swift; sourceTree = "<group>"; };
		579E95E8223683B2008A92D2 /* PageVC.swift */ = {isa = PBXFileReference; lastKnownFileType = sourcecode.swift; path = PageVC.swift; sourceTree = "<group>"; };
		94047B8B79766DE75A2BC409 /* Pods_Weather_Gift.framework */ = {isa = PBXFileReference; explicitFileType = wrapper.framework; includeInIndex = 0; path = Pods_Weather_Gift.framework; sourceTree = BUILT_PRODUCTS_DIR; };
		D65312B4FC3295610703E980 /* Pods-Weather Gift.release.xcconfig */ = {isa = PBXFileReference; includeInIndex = 1; lastKnownFileType = text.xcconfig; name = "Pods-Weather Gift.release.xcconfig"; path = "Target Support Files/Pods-Weather Gift/Pods-Weather Gift.release.xcconfig"; sourceTree = "<group>"; };
/* End PBXFileReference section */

/* Begin PBXFrameworksBuildPhase section */
		579E95CC22367E13008A92D2 /* Frameworks */ = {
			isa = PBXFrameworksBuildPhase;
			buildActionMask = 2147483647;
			files = (
				E963E7ACB731E7909B92DE10 /* Pods_Weather_Gift.framework in Frameworks */,
			);
			runOnlyForDeploymentPostprocessing = 0;
		};
/* End PBXFrameworksBuildPhase section */

/* Begin PBXGroup section */
		244A1133240DCB17B8E9C82E /* Pods */ = {
			isa = PBXGroup;
			children = (
				1BCFB3BA94BF9C9513F387AB /* Pods-Weather Gift.debug.xcconfig */,
				D65312B4FC3295610703E980 /* Pods-Weather Gift.release.xcconfig */,
			);
			path = Pods;
			sourceTree = "<group>";
		};
		579E95C622367E13008A92D2 = {
			isa = PBXGroup;
			children = (
				579E95D122367E13008A92D2 /* Weather Gift */,
				579E95D022367E13008A92D2 /* Products */,
				244A1133240DCB17B8E9C82E /* Pods */,
				F9955FE05E7607430F60BB8A /* Frameworks */,
			);
			sourceTree = "<group>";
		};
		579E95D022367E13008A92D2 /* Products */ = {
			isa = PBXGroup;
			children = (
				579E95CF22367E13008A92D2 /* Weather Gift.app */,
			);
			name = Products;
			sourceTree = "<group>";
		};
		579E95D122367E13008A92D2 /* Weather Gift */ = {
			isa = PBXGroup;
			children = (
				579E95D222367E13008A92D2 /* AppDelegate.swift */,
				579340E8223FE49C00598D6E /* WeatherLocation.swift */,
				579E95E8223683B2008A92D2 /* PageVC.swift */,
				579E95E422367EC3008A92D2 /* DetailVC.swift */,
				574522382246F85A0051990F /* DayWeatherCell.swift */,
				5745223C22489AEB0051990F /* HourlyWeatherCell.swift */,
				5745223A2247BD640051990F /* TimeInterval+format.swift */,
				579E95E6223681ED008A92D2 /* ListVC.swift */,
				579340EA223FF5F500598D6E /* Constants.swift */,
				579E95D622367E13008A92D2 /* Main.storyboard */,
				579E95D922367E15008A92D2 /* Assets.xcassets */,
				579E95DB22367E15008A92D2 /* LaunchScreen.storyboard */,
				579E95DE22367E15008A92D2 /* Info.plist */,
			);
			path = "Weather Gift";
			sourceTree = "<group>";
		};
		F9955FE05E7607430F60BB8A /* Frameworks */ = {
			isa = PBXGroup;
			children = (
				94047B8B79766DE75A2BC409 /* Pods_Weather_Gift.framework */,
			);
			name = Frameworks;
			sourceTree = "<group>";
		};
/* End PBXGroup section */

/* Begin PBXNativeTarget section */
		579E95CE22367E13008A92D2 /* Weather Gift */ = {
			isa = PBXNativeTarget;
			buildConfigurationList = 579E95E122367E15008A92D2 /* Build configuration list for PBXNativeTarget "Weather Gift" */;
			buildPhases = (
				21F92A660E16D71737371E2F /* [CP] Check Pods Manifest.lock */,
				579E95CB22367E13008A92D2 /* Sources */,
				579E95CC22367E13008A92D2 /* Frameworks */,
				579E95CD22367E13008A92D2 /* Resources */,
				E495CB298C713E9588FF04C7 /* [CP] Embed Pods Frameworks */,
				0340F30C60C0AD302F333352 /* [CP] Copy Pods Resources */,
			);
			buildRules = (
			);
			dependencies = (
			);
			name = "Weather Gift";
			productName = "Weather Gift";
			productReference = 579E95CF22367E13008A92D2 /* Weather Gift.app */;
			productType = "com.apple.product-type.application";
		};
/* End PBXNativeTarget section */

/* Begin PBXProject section */
		579E95C722367E13008A92D2 /* Project object */ = {
			isa = PBXProject;
			attributes = {
				LastSwiftUpdateCheck = 1010;
				LastUpgradeCheck = 1010;
				ORGANIZATIONNAME = "Lindsay Braun";
				TargetAttributes = {
					579E95CE22367E13008A92D2 = {
						CreatedOnToolsVersion = 10.1;
					};
				};
			};
			buildConfigurationList = 579E95CA22367E13008A92D2 /* Build configuration list for PBXProject "Weather Gift" */;
			compatibilityVersion = "Xcode 9.3";
			developmentRegion = en;
			hasScannedForEncodings = 0;
			knownRegions = (
				en,
				Base,
			);
			mainGroup = 579E95C622367E13008A92D2;
			productRefGroup = 579E95D022367E13008A92D2 /* Products */;
			projectDirPath = "";
			projectRoot = "";
			targets = (
				579E95CE22367E13008A92D2 /* Weather Gift */,
			);
		};
/* End PBXProject section */

/* Begin PBXResourcesBuildPhase section */
		579E95CD22367E13008A92D2 /* Resources */ = {
			isa = PBXResourcesBuildPhase;
			buildActionMask = 2147483647;
			files = (
				579E95DD22367E15008A92D2 /* LaunchScreen.storyboard in Resources */,
				579E95DA22367E15008A92D2 /* Assets.xcassets in Resources */,
				579E95D822367E13008A92D2 /* Main.storyboard in Resources */,
			);
			runOnlyForDeploymentPostprocessing = 0;
		};
/* End PBXResourcesBuildPhase section */

/* Begin PBXShellScriptBuildPhase section */
		0340F30C60C0AD302F333352 /* [CP] Copy Pods Resources */ = {
			isa = PBXShellScriptBuildPhase;
			buildActionMask = 2147483647;
			files = (
			);
			inputFileListPaths = (
			);
			inputPaths = (
				"${PODS_ROOT}/Target Support Files/Pods-Weather Gift/Pods-Weather Gift-resources.sh",
				"${PODS_ROOT}/GooglePlaces/Frameworks/GooglePlaces.framework/Resources/GooglePlaces.bundle",
			);
			name = "[CP] Copy Pods Resources";
			outputFileListPaths = (
			);
			outputPaths = (
				"${TARGET_BUILD_DIR}/${UNLOCALIZED_RESOURCES_FOLDER_PATH}/GooglePlaces.bundle",
			);
			runOnlyForDeploymentPostprocessing = 0;
			shellPath = /bin/sh;
			shellScript = "\"${PODS_ROOT}/Target Support Files/Pods-Weather Gift/Pods-Weather Gift-resources.sh\"\n";
			showEnvVarsInLog = 0;
		};
		21F92A660E16D71737371E2F /* [CP] Check Pods Manifest.lock */ = {
			isa = PBXShellScriptBuildPhase;
			buildActionMask = 2147483647;
			files = (
			);
			inputFileListPaths = (
			);
			inputPaths = (
				"${PODS_PODFILE_DIR_PATH}/Podfile.lock",
				"${PODS_ROOT}/Manifest.lock",
			);
			name = "[CP] Check Pods Manifest.lock";
			outputFileListPaths = (
			);
			outputPaths = (
				"$(DERIVED_FILE_DIR)/Pods-Weather Gift-checkManifestLockResult.txt",
			);
			runOnlyForDeploymentPostprocessing = 0;
			shellPath = /bin/sh;
			shellScript = "diff \"${PODS_PODFILE_DIR_PATH}/Podfile.lock\" \"${PODS_ROOT}/Manifest.lock\" > /dev/null\nif [ $? != 0 ] ; then\n    # print error to STDERR\n    echo \"error: The sandbox is not in sync with the Podfile.lock. Run 'pod install' or update your CocoaPods installation.\" >&2\n    exit 1\nfi\n# This output is used by Xcode 'outputs' to avoid re-running this script phase.\necho \"SUCCESS\" > \"${SCRIPT_OUTPUT_FILE_0}\"\n";
			showEnvVarsInLog = 0;
		};
		E495CB298C713E9588FF04C7 /* [CP] Embed Pods Frameworks */ = {
			isa = PBXShellScriptBuildPhase;
			buildActionMask = 2147483647;
			files = (
			);
			inputFileListPaths = (
			);
			inputPaths = (
				"${PODS_ROOT}/Target Support Files/Pods-Weather Gift/Pods-Weather Gift-frameworks.sh",
				"${BUILT_PRODUCTS_DIR}/Alamofire/Alamofire.framework",
				"${BUILT_PRODUCTS_DIR}/SwiftyJSON/SwiftyJSON.framework",
			);
			name = "[CP] Embed Pods Frameworks";
			outputFileListPaths = (
			);
			outputPaths = (
				"${TARGET_BUILD_DIR}/${FRAMEWORKS_FOLDER_PATH}/Alamofire.framework",
				"${TARGET_BUILD_DIR}/${FRAMEWORKS_FOLDER_PATH}/SwiftyJSON.framework",
			);
			runOnlyForDeploymentPostprocessing = 0;
			shellPath = /bin/sh;
			shellScript = "\"${PODS_ROOT}/Target Support Files/Pods-Weather Gift/Pods-Weather Gift-frameworks.sh\"\n";
			showEnvVarsInLog = 0;
		};
/* End PBXShellScriptBuildPhase section */

/* Begin PBXSourcesBuildPhase section */
		579E95CB22367E13008A92D2 /* Sources */ = {
			isa = PBXSourcesBuildPhase;
			buildActionMask = 2147483647;
			files = (
				574522392246F85A0051990F /* DayWeatherCell.swift in Sources */,
				5745223D22489AEB0051990F /* HourlyWeatherCell.swift in Sources */,
				579340E9223FE49C00598D6E /* WeatherLocation.swift in Sources */,
				579E95E7223681ED008A92D2 /* ListVC.swift in Sources */,
				579E95E9223683B2008A92D2 /* PageVC.swift in Sources */,
				5745223B2247BD640051990F /* TimeInterval+format.swift in Sources */,
				579E95D322367E13008A92D2 /* AppDelegate.swift in Sources */,
				579E95E522367EC3008A92D2 /* DetailVC.swift in Sources */,
				579340EB223FF5F500598D6E /* Constants.swift in Sources */,
			);
			runOnlyForDeploymentPostprocessing = 0;
		};
/* End PBXSourcesBuildPhase section */

/* Begin PBXVariantGroup section */
		579E95D622367E13008A92D2 /* Main.storyboard */ = {
			isa = PBXVariantGroup;
			children = (
				579E95D722367E13008A92D2 /* Base */,
			);
			name = Main.storyboard;
			sourceTree = "<group>";
		};
		579E95DB22367E15008A92D2 /* LaunchScreen.storyboard */ = {
			isa = PBXVariantGroup;
			children = (
				579E95DC22367E15008A92D2 /* Base */,
			);
			name = LaunchScreen.storyboard;
			sourceTree = "<group>";
		};
/* End PBXVariantGroup section */

/* Begin XCBuildConfiguration section */
		579E95DF22367E15008A92D2 /* Debug */ = {
			isa = XCBuildConfiguration;
			buildSettings = {
				ALWAYS_SEARCH_USER_PATHS = NO;
				CLANG_ANALYZER_NONNULL = YES;
				CLANG_ANALYZER_NUMBER_OBJECT_CONVERSION = YES_AGGRESSIVE;
				CLANG_CXX_LANGUAGE_STANDARD = "gnu++14";
				CLANG_CXX_LIBRARY = "libc++";
				CLANG_ENABLE_MODULES = YES;
				CLANG_ENABLE_OBJC_ARC = YES;
				CLANG_ENABLE_OBJC_WEAK = YES;
				CLANG_WARN_BLOCK_CAPTURE_AUTORELEASING = YES;
				CLANG_WARN_BOOL_CONVERSION = YES;
				CLANG_WARN_COMMA = YES;
				CLANG_WARN_CONSTANT_CONVERSION = YES;
				CLANG_WARN_DEPRECATED_OBJC_IMPLEMENTATIONS = YES;
				CLANG_WARN_DIRECT_OBJC_ISA_USAGE = YES_ERROR;
				CLANG_WARN_DOCUMENTATION_COMMENTS = YES;
				CLANG_WARN_EMPTY_BODY = YES;
				CLANG_WARN_ENUM_CONVERSION = YES;
				CLANG_WARN_INFINITE_RECURSION = YES;
				CLANG_WARN_INT_CONVERSION = YES;
				CLANG_WARN_NON_LITERAL_NULL_CONVERSION = YES;
				CLANG_WARN_OBJC_IMPLICIT_RETAIN_SELF = YES;
				CLANG_WARN_OBJC_LITERAL_CONVERSION = YES;
				CLANG_WARN_OBJC_ROOT_CLASS = YES_ERROR;
				CLANG_WARN_RANGE_LOOP_ANALYSIS = YES;
				CLANG_WARN_STRICT_PROTOTYPES = YES;
				CLANG_WARN_SUSPICIOUS_MOVE = YES;
				CLANG_WARN_UNGUARDED_AVAILABILITY = YES_AGGRESSIVE;
				CLANG_WARN_UNREACHABLE_CODE = YES;
				CLANG_WARN__DUPLICATE_METHOD_MATCH = YES;
				CODE_SIGN_IDENTITY = "iPhone Developer";
				COPY_PHASE_STRIP = NO;
				DEBUG_INFORMATION_FORMAT = dwarf;
				ENABLE_STRICT_OBJC_MSGSEND = YES;
				ENABLE_TESTABILITY = YES;
				GCC_C_LANGUAGE_STANDARD = gnu11;
				GCC_DYNAMIC_NO_PIC = NO;
				GCC_NO_COMMON_BLOCKS = YES;
				GCC_OPTIMIZATION_LEVEL = 0;
				GCC_PREPROCESSOR_DEFINITIONS = (
					"DEBUG=1",
					"$(inherited)",
				);
				GCC_WARN_64_TO_32_BIT_CONVERSION = YES;
				GCC_WARN_ABOUT_RETURN_TYPE = YES_ERROR;
				GCC_WARN_UNDECLARED_SELECTOR = YES;
				GCC_WARN_UNINITIALIZED_AUTOS = YES_AGGRESSIVE;
				GCC_WARN_UNUSED_FUNCTION = YES;
				GCC_WARN_UNUSED_VARIABLE = YES;
				IPHONEOS_DEPLOYMENT_TARGET = 12.1;
				MTL_ENABLE_DEBUG_INFO = INCLUDE_SOURCE;
				MTL_FAST_MATH = YES;
				ONLY_ACTIVE_ARCH = YES;
				SDKROOT = iphoneos;
				SWIFT_ACTIVE_COMPILATION_CONDITIONS = DEBUG;
				SWIFT_OPTIMIZATION_LEVEL = "-Onone";
			};
			name = Debug;
		};
		579E95E022367E15008A92D2 /* Release */ = {
			isa = XCBuildConfiguration;
			buildSettings = {
				ALWAYS_SEARCH_USER_PATHS = NO;
				CLANG_ANALYZER_NONNULL = YES;
				CLANG_ANALYZER_NUMBER_OBJECT_CONVERSION = YES_AGGRESSIVE;
				CLANG_CXX_LANGUAGE_STANDARD = "gnu++14";
				CLANG_CXX_LIBRARY = "libc++";
				CLANG_ENABLE_MODULES = YES;
				CLANG_ENABLE_OBJC_ARC = YES;
				CLANG_ENABLE_OBJC_WEAK = YES;
				CLANG_WARN_BLOCK_CAPTURE_AUTORELEASING = YES;
				CLANG_WARN_BOOL_CONVERSION = YES;
				CLANG_WARN_COMMA = YES;
				CLANG_WARN_CONSTANT_CONVERSION = YES;
				CLANG_WARN_DEPRECATED_OBJC_IMPLEMENTATIONS = YES;
				CLANG_WARN_DIRECT_OBJC_ISA_USAGE = YES_ERROR;
				CLANG_WARN_DOCUMENTATION_COMMENTS = YES;
				CLANG_WARN_EMPTY_BODY = YES;
				CLANG_WARN_ENUM_CONVERSION = YES;
				CLANG_WARN_INFINITE_RECURSION = YES;
				CLANG_WARN_INT_CONVERSION = YES;
				CLANG_WARN_NON_LITERAL_NULL_CONVERSION = YES;
				CLANG_WARN_OBJC_IMPLICIT_RETAIN_SELF = YES;
				CLANG_WARN_OBJC_LITERAL_CONVERSION = YES;
				CLANG_WARN_OBJC_ROOT_CLASS = YES_ERROR;
				CLANG_WARN_RANGE_LOOP_ANALYSIS = YES;
				CLANG_WARN_STRICT_PROTOTYPES = YES;
				CLANG_WARN_SUSPICIOUS_MOVE = YES;
				CLANG_WARN_UNGUARDED_AVAILABILITY = YES_AGGRESSIVE;
				CLANG_WARN_UNREACHABLE_CODE = YES;
				CLANG_WARN__DUPLICATE_METHOD_MATCH = YES;
				CODE_SIGN_IDENTITY = "iPhone Developer";
				COPY_PHASE_STRIP = NO;
				DEBUG_INFORMATION_FORMAT = "dwarf-with-dsym";
				ENABLE_NS_ASSERTIONS = NO;
				ENABLE_STRICT_OBJC_MSGSEND = YES;
				GCC_C_LANGUAGE_STANDARD = gnu11;
				GCC_NO_COMMON_BLOCKS = YES;
				GCC_WARN_64_TO_32_BIT_CONVERSION = YES;
				GCC_WARN_ABOUT_RETURN_TYPE = YES_ERROR;
				GCC_WARN_UNDECLARED_SELECTOR = YES;
				GCC_WARN_UNINITIALIZED_AUTOS = YES_AGGRESSIVE;
				GCC_WARN_UNUSED_FUNCTION = YES;
				GCC_WARN_UNUSED_VARIABLE = YES;
				IPHONEOS_DEPLOYMENT_TARGET = 12.1;
				MTL_ENABLE_DEBUG_INFO = NO;
				MTL_FAST_MATH = YES;
				SDKROOT = iphoneos;
				SWIFT_COMPILATION_MODE = wholemodule;
				SWIFT_OPTIMIZATION_LEVEL = "-O";
				VALIDATE_PRODUCT = YES;
			};
			name = Release;
		};
		579E95E222367E15008A92D2 /* Debug */ = {
			isa = XCBuildConfiguration;
			baseConfigurationReference = 1BCFB3BA94BF9C9513F387AB /* Pods-Weather Gift.debug.xcconfig */;
			buildSettings = {
				ASSETCATALOG_COMPILER_APPICON_NAME = AppIcon;
				CODE_SIGN_STYLE = Automatic;
				DEVELOPMENT_TEAM = 5FDXM7R562;
				INFOPLIST_FILE = "Weather Gift/Info.plist";
				IPHONEOS_DEPLOYMENT_TARGET = 11.0;
				LD_RUNPATH_SEARCH_PATHS = (
					"$(inherited)",
					"@executable_path/Frameworks",
				);
				PRODUCT_BUNDLE_IDENTIFIER = "com.braun.Weather-Gift";
				PRODUCT_NAME = "$(TARGET_NAME)";
				SWIFT_VERSION = 4.2;
				TARGETED_DEVICE_FAMILY = "1,2";
			};
			name = Debug;
		};
		579E95E322367E15008A92D2 /* Release */ = {
			isa = XCBuildConfiguration;
			baseConfigurationReference = D65312B4FC3295610703E980 /* Pods-Weather Gift.release.xcconfig */;
			buildSettings = {
				ASSETCATALOG_COMPILER_APPICON_NAME = AppIcon;
				CODE_SIGN_STYLE = Automatic;
				DEVELOPMENT_TEAM = 5FDXM7R562;
				INFOPLIST_FILE = "Weather Gift/Info.plist";
				IPHONEOS_DEPLOYMENT_TARGET = 11.0;
				LD_RUNPATH_SEARCH_PATHS = (
					"$(inherited)",
					"@executable_path/Frameworks",
				);
				PRODUCT_BUNDLE_IDENTIFIER = "com.braun.Weather-Gift";
				PRODUCT_NAME = "$(TARGET_NAME)";
				SWIFT_VERSION = 4.2;
				TARGETED_DEVICE_FAMILY = "1,2";
			};
			name = Release;
		};
/* End XCBuildConfiguration section */

/* Begin XCConfigurationList section */
		579E95CA22367E13008A92D2 /* Build configuration list for PBXProject "Weather Gift" */ = {
			isa = XCConfigurationList;
			buildConfigurations = (
				579E95DF22367E15008A92D2 /* Debug */,
				579E95E022367E15008A92D2 /* Release */,
			);
			defaultConfigurationIsVisible = 0;
			defaultConfigurationName = Release;
		};
		579E95E122367E15008A92D2 /* Build configuration list for PBXNativeTarget "Weather Gift" */ = {
			isa = XCConfigurationList;
			buildConfigurations = (
				579E95E222367E15008A92D2 /* Debug */,
				579E95E322367E15008A92D2 /* Release */,
			);
			defaultConfigurationIsVisible = 0;
			defaultConfigurationName = Release;
		};
/* End XCConfigurationList section */
	};
	rootObject = 579E95C722367E13008A92D2 /* Project object */;
}
